// !$*UTF8*$!
{
	archiveVersion = 1;
	classes = {
	};
	objectVersion = 56;
	objects = {

/* Begin PBXBuildFile section */
		9C0584992CAB0B6F00E5358E /* faoi_fúm.mp3 in Resources */ = {isa = PBXBuildFile; fileRef = 9C0584982CAB0B6F00E5358E /* faoi_fúm.mp3 */; };
		9C05849D2CAB0E7300E5358E /* faoi_fúithi.mp3 in Resources */ = {isa = PBXBuildFile; fileRef = 9C05849B2CAB0E7300E5358E /* faoi_fúithi.mp3 */; };
		9C05849E2CAB0E7300E5358E /* faoi_fút.mp3 in Resources */ = {isa = PBXBuildFile; fileRef = 9C05849C2CAB0E7300E5358E /* faoi_fút.mp3 */; };
		9C05849F2CAB0E7300E5358E /* faoi_faoi.mp3 in Resources */ = {isa = PBXBuildFile; fileRef = 9C05849A2CAB0E7300E5358E /* faoi_faoi.mp3 */; };
		9C0584A12CAB130D00E5358E /* faoi_fúthu.mp3 in Resources */ = {isa = PBXBuildFile; fileRef = 9C0584A02CAB130D00E5358E /* faoi_fúthu.mp3 */; };
		9C0584A32CAB14A800E5358E /* faoi_fúinn.mp3 in Resources */ = {isa = PBXBuildFile; fileRef = 9C0584A22CAB14A800E5358E /* faoi_fúinn.mp3 */; };
		9C0584A52CAB14B100E5358E /* faoi_fúibh.mp3 in Resources */ = {isa = PBXBuildFile; fileRef = 9C0584A42CAB14B100E5358E /* faoi_fúibh.mp3 */; };
		9C0584C92CAB1D4800E5358E /* de_díot.mp3 in Resources */ = {isa = PBXBuildFile; fileRef = 9C0584C12CAB1D4800E5358E /* de_díot.mp3 */; };
		9C0584CA2CAB1D4800E5358E /* ar_ort.mp3 in Resources */ = {isa = PBXBuildFile; fileRef = 9C0584B12CAB1D4800E5358E /* ar_ort.mp3 */; };
		9C0584CB2CAB1D4800E5358E /* de_díom.mp3 in Resources */ = {isa = PBXBuildFile; fileRef = 9C0584C02CAB1D4800E5358E /* de_díom.mp3 */; };
		9C0584CC2CAB1D4800E5358E /* do_daoibh.mp3 in Resources */ = {isa = PBXBuildFile; fileRef = 9C0584C22CAB1D4800E5358E /* do_daoibh.mp3 */; };
		9C0584CD2CAB1D4800E5358E /* as_aisti.mp3 in Resources */ = {isa = PBXBuildFile; fileRef = 9C0584B42CAB1D4800E5358E /* as_aisti.mp3 */; };
		9C0584CE2CAB1D4800E5358E /* de_díobh.mp3 in Resources */ = {isa = PBXBuildFile; fileRef = 9C0584BF2CAB1D4800E5358E /* de_díobh.mp3 */; };
		9C0584CF2CAB1D4800E5358E /* as_asat.mp3 in Resources */ = {isa = PBXBuildFile; fileRef = 9C0584B92CAB1D4800E5358E /* as_asat.mp3 */; };
		9C0584D02CAB1D4800E5358E /* do_dó.mp3 in Resources */ = {isa = PBXBuildFile; fileRef = 9C0584C42CAB1D4800E5358E /* do_dó.mp3 */; };
		9C0584D12CAB1D4800E5358E /* ag_againn.mp3 in Resources */ = {isa = PBXBuildFile; fileRef = 9C0584A82CAB1D4800E5358E /* ag_againn.mp3 */; };
		9C0584D22CAB1D4800E5358E /* as_astu.mp3 in Resources */ = {isa = PBXBuildFile; fileRef = 9C0584BA2CAB1D4800E5358E /* as_astu.mp3 */; };
		9C0584D32CAB1D4800E5358E /* de_de.mp3 in Resources */ = {isa = PBXBuildFile; fileRef = 9C0584BB2CAB1D4800E5358E /* de_de.mp3 */; };
		9C0584D42CAB1D4800E5358E /* do_di.mp3 in Resources */ = {isa = PBXBuildFile; fileRef = 9C0584C32CAB1D4800E5358E /* do_di.mp3 */; };
		9C0584D52CAB1D4800E5358E /* ag_agam.mp3 in Resources */ = {isa = PBXBuildFile; fileRef = 9C0584A92CAB1D4800E5358E /* ag_agam.mp3 */; };
		9C0584D62CAB1D4800E5358E /* ar_orm.mp3 in Resources */ = {isa = PBXBuildFile; fileRef = 9C0584B02CAB1D4800E5358E /* ar_orm.mp3 */; };
		9C0584D72CAB1D4800E5358E /* ag_agaibh.mp3 in Resources */ = {isa = PBXBuildFile; fileRef = 9C0584A72CAB1D4800E5358E /* ag_agaibh.mp3 */; };
		9C0584D82CAB1D4800E5358E /* as_asaibh.mp3 in Resources */ = {isa = PBXBuildFile; fileRef = 9C0584B62CAB1D4800E5358E /* as_asaibh.mp3 */; };
		9C0584D92CAB1D4800E5358E /* de_díbh.mp3 in Resources */ = {isa = PBXBuildFile; fileRef = 9C0584BD2CAB1D4800E5358E /* de_díbh.mp3 */; };
		9C0584DA2CAB1D4800E5358E /* do_dom.mp3 in Resources */ = {isa = PBXBuildFile; fileRef = 9C0584C62CAB1D4800E5358E /* do_dom.mp3 */; };
		9C0584DB2CAB1D4800E5358E /* ag_aige.mp3 in Resources */ = {isa = PBXBuildFile; fileRef = 9C0584AC2CAB1D4800E5358E /* ag_aige.mp3 */; };
		9C0584DC2CAB1D4800E5358E /* as_asainn.mp3 in Resources */ = {isa = PBXBuildFile; fileRef = 9C0584B72CAB1D4800E5358E /* as_asainn.mp3 */; };
		9C0584DD2CAB1D4800E5358E /* ag_agat.mp3 in Resources */ = {isa = PBXBuildFile; fileRef = 9C0584AA2CAB1D4800E5358E /* ag_agat.mp3 */; };
		9C0584DE2CAB1D4800E5358E /* do_dúinn.mp3 in Resources */ = {isa = PBXBuildFile; fileRef = 9C0584C72CAB1D4800E5358E /* do_dúinn.mp3 */; };
		9C0584DF2CAB1D4800E5358E /* de_di.mp3 in Resources */ = {isa = PBXBuildFile; fileRef = 9C0584BC2CAB1D4800E5358E /* de_di.mp3 */; };
		9C0584E02CAB1D4800E5358E /* as_as.mp3 in Resources */ = {isa = PBXBuildFile; fileRef = 9C0584B52CAB1D4800E5358E /* as_as.mp3 */; };
		9C0584E12CAB1D4800E5358E /* ag_acu.mp3 in Resources */ = {isa = PBXBuildFile; fileRef = 9C0584A62CAB1D4800E5358E /* ag_acu.mp3 */; };
		9C0584E22CAB1D4800E5358E /* ar_orthu.mp3 in Resources */ = {isa = PBXBuildFile; fileRef = 9C0584B22CAB1D4800E5358E /* ar_orthu.mp3 */; };
		9C0584E32CAB1D4800E5358E /* ar_uirthi.mp3 in Resources */ = {isa = PBXBuildFile; fileRef = 9C0584B32CAB1D4800E5358E /* ar_uirthi.mp3 */; };
		9C0584E42CAB1D4800E5358E /* de_dínn.mp3 in Resources */ = {isa = PBXBuildFile; fileRef = 9C0584BE2CAB1D4800E5358E /* de_dínn.mp3 */; };
		9C0584E52CAB1D4800E5358E /* as_asam.mp3 in Resources */ = {isa = PBXBuildFile; fileRef = 9C0584B82CAB1D4800E5358E /* as_asam.mp3 */; };
		9C0584E62CAB1D4800E5358E /* ag_aici.mp3 in Resources */ = {isa = PBXBuildFile; fileRef = 9C0584AB2CAB1D4800E5358E /* ag_aici.mp3 */; };
		9C0584E72CAB1D4800E5358E /* ar_oraibh.mp3 in Resources */ = {isa = PBXBuildFile; fileRef = 9C0584AE2CAB1D4800E5358E /* ar_oraibh.mp3 */; };
		9C0584E82CAB1D4800E5358E /* ar_orainn.mp3 in Resources */ = {isa = PBXBuildFile; fileRef = 9C0584AF2CAB1D4800E5358E /* ar_orainn.mp3 */; };
		9C0584E92CAB1D4800E5358E /* ar_air.mp3 in Resources */ = {isa = PBXBuildFile; fileRef = 9C0584AD2CAB1D4800E5358E /* ar_air.mp3 */; };
		9C0584EA2CAB1D4800E5358E /* do_dóibh.mp3 in Resources */ = {isa = PBXBuildFile; fileRef = 9C0584C52CAB1D4800E5358E /* do_dóibh.mp3 */; };
		9C0584EB2CAB1D4800E5358E /* do_duit.mp3 in Resources */ = {isa = PBXBuildFile; fileRef = 9C0584C82CAB1D4800E5358E /* do_duit.mp3 */; };
		9C0585042CAB1D5300E5358E /* le_leis.mp3 in Resources */ = {isa = PBXBuildFile; fileRef = 9C0584F82CAB1D5300E5358E /* le_leis.mp3 */; };
		9C0585052CAB1D5300E5358E /* ó_uait.mp3 in Resources */ = {isa = PBXBuildFile; fileRef = 9C0585012CAB1D5300E5358E /* ó_uait.mp3 */; };
		9C0585062CAB1D5300E5358E /* ó_uaibh.mp3 in Resources */ = {isa = PBXBuildFile; fileRef = 9C0584FD2CAB1D5300E5358E /* ó_uaibh.mp3 */; };
		9C0585072CAB1D5300E5358E /* le_leat.mp3 in Resources */ = {isa = PBXBuildFile; fileRef = 9C0584F62CAB1D5300E5358E /* le_leat.mp3 */; };
		9C0585082CAB1D5300E5358E /* le_libh.mp3 in Resources */ = {isa = PBXBuildFile; fileRef = 9C0584FA2CAB1D5300E5358E /* le_libh.mp3 */; };
		9C0585092CAB1D5300E5358E /* idir_eadraibh.mp3 in Resources */ = {isa = PBXBuildFile; fileRef = 9C0584F32CAB1D5300E5358E /* idir_eadraibh.mp3 */; };
		9C05850A2CAB1D5300E5358E /* ó_uaim.mp3 in Resources */ = {isa = PBXBuildFile; fileRef = 9C0584FF2CAB1D5300E5358E /* ó_uaim.mp3 */; };
		9C05850B2CAB1D5300E5358E /* ó_uaithi.mp3 in Resources */ = {isa = PBXBuildFile; fileRef = 9C0585022CAB1D5300E5358E /* ó_uaithi.mp3 */; };
		9C05850C2CAB1D5300E5358E /* i_ann.mp3 in Resources */ = {isa = PBXBuildFile; fileRef = 9C0584EC2CAB1D5300E5358E /* i_ann.mp3 */; };
		9C05850D2CAB1D5300E5358E /* i_ionaibh.mp3 in Resources */ = {isa = PBXBuildFile; fileRef = 9C0584EE2CAB1D5300E5358E /* i_ionaibh.mp3 */; };
		9C05850E2CAB1D5300E5358E /* idir_eatarthu.mp3 in Resources */ = {isa = PBXBuildFile; fileRef = 9C0584F52CAB1D5300E5358E /* idir_eatarthu.mp3 */; };
		9C05850F2CAB1D5300E5358E /* i_ionat.mp3 in Resources */ = {isa = PBXBuildFile; fileRef = 9C0584F12CAB1D5300E5358E /* i_ionat.mp3 */; };
		9C0585102CAB1D5300E5358E /* i_ionam.mp3 in Resources */ = {isa = PBXBuildFile; fileRef = 9C0584F02CAB1D5300E5358E /* i_ionam.mp3 */; };
		9C0585112CAB1D5300E5358E /* le_léi.mp3 in Resources */ = {isa = PBXBuildFile; fileRef = 9C0584F72CAB1D5300E5358E /* le_léi.mp3 */; };
		9C0585122CAB1D5300E5358E /* le_linn.mp3 in Resources */ = {isa = PBXBuildFile; fileRef = 9C0584FB2CAB1D5300E5358E /* le_linn.mp3 */; };
		9C0585132CAB1D5300E5358E /* ó_uainn.mp3 in Resources */ = {isa = PBXBuildFile; fileRef = 9C0585002CAB1D5300E5358E /* ó_uainn.mp3 */; };
		9C0585142CAB1D5300E5358E /* ó_uathu.mp3 in Resources */ = {isa = PBXBuildFile; fileRef = 9C0585032CAB1D5300E5358E /* ó_uathu.mp3 */; };
		9C0585152CAB1D5300E5358E /* i_inti.mp3 in Resources */ = {isa = PBXBuildFile; fileRef = 9C0584ED2CAB1D5300E5358E /* i_inti.mp3 */; };
		9C0585162CAB1D5300E5358E /* le_leo.mp3 in Resources */ = {isa = PBXBuildFile; fileRef = 9C0584F92CAB1D5300E5358E /* le_leo.mp3 */; };
		9C0585172CAB1D5300E5358E /* le_liom.mp3 in Resources */ = {isa = PBXBuildFile; fileRef = 9C0584FC2CAB1D5300E5358E /* le_liom.mp3 */; };
		9C0585182CAB1D5300E5358E /* idir_eadrainn.mp3 in Resources */ = {isa = PBXBuildFile; fileRef = 9C0584F42CAB1D5300E5358E /* idir_eadrainn.mp3 */; };
		9C0585192CAB1D5300E5358E /* ó_uaidh.mp3 in Resources */ = {isa = PBXBuildFile; fileRef = 9C0584FE2CAB1D5300E5358E /* ó_uaidh.mp3 */; };
		9C05851A2CAB1D5300E5358E /* i_iontu.mp3 in Resources */ = {isa = PBXBuildFile; fileRef = 9C0584F22CAB1D5300E5358E /* i_iontu.mp3 */; };
		9C05851B2CAB1D5300E5358E /* i_ionainn.mp3 in Resources */ = {isa = PBXBuildFile; fileRef = 9C0584EF2CAB1D5300E5358E /* i_ionainn.mp3 */; };
		9C5F8F892CABB04F00021076 /* AudioPracticeView.swift in Sources */ = {isa = PBXBuildFile; fileRef = 9C5F8F882CABB04F00021076 /* AudioPracticeView.swift */; };
		9C5F8F8B2CABB0C200021076 /* DataProvider.swift in Sources */ = {isa = PBXBuildFile; fileRef = 9C5F8F8A2CABB0C200021076 /* DataProvider.swift */; };
		9C8956652CAAE29E0051EB8B /* IrishPronounQuizApp.swift in Sources */ = {isa = PBXBuildFile; fileRef = 9C8956642CAAE29E0051EB8B /* IrishPronounQuizApp.swift */; };
		9C8956672CAAE29E0051EB8B /* ContentView.swift in Sources */ = {isa = PBXBuildFile; fileRef = 9C8956662CAAE29E0051EB8B /* ContentView.swift */; };
		9C8956692CAAE2A00051EB8B /* Assets.xcassets in Resources */ = {isa = PBXBuildFile; fileRef = 9C8956682CAAE2A00051EB8B /* Assets.xcassets */; };
		9C89566C2CAAE2A00051EB8B /* Preview Assets.xcassets in Resources */ = {isa = PBXBuildFile; fileRef = 9C89566B2CAAE2A00051EB8B /* Preview Assets.xcassets */; };
		9C8956732CAAE2DC0051EB8B /* Models.swift in Sources */ = {isa = PBXBuildFile; fileRef = 9C8956722CAAE2DC0051EB8B /* Models.swift */; };
		9C8956752CAAE3200051EB8B /* AudioPlayer.swift in Sources */ = {isa = PBXBuildFile; fileRef = 9C8956742CAAE3200051EB8B /* AudioPlayer.swift */; };
		9C8956772CAAE3410051EB8B /* RecognitionView.swift in Sources */ = {isa = PBXBuildFile; fileRef = 9C8956762CAAE3410051EB8B /* RecognitionView.swift */; };
		9C8956792CAAE3770051EB8B /* ProductionView.swift in Sources */ = {isa = PBXBuildFile; fileRef = 9C8956782CAAE3770051EB8B /* ProductionView.swift */; };
		9C89567B2CAAE66D0051EB8B /* ModeDestinationView.swift in Sources */ = {isa = PBXBuildFile; fileRef = 9C89567A2CAAE66D0051EB8B /* ModeDestinationView.swift */; };
/* End PBXBuildFile section */

/* Begin PBXFileReference section */
		9C0584952CAB06E300E5358E /* Info.plist */ = {isa = PBXFileReference; lastKnownFileType = text.plist.xml; name = Info.plist; path = IrishPronounQuiz/Info.plist; sourceTree = SOURCE_ROOT; };
		9C0584982CAB0B6F00E5358E /* faoi_fúm.mp3 */ = {isa = PBXFileReference; lastKnownFileType = audio.mp3; path = "faoi_fúm.mp3"; sourceTree = "<group>"; };
		9C05849A2CAB0E7300E5358E /* faoi_faoi.mp3 */ = {isa = PBXFileReference; lastKnownFileType = audio.mp3; path = faoi_faoi.mp3; sourceTree = "<group>"; };
		9C05849B2CAB0E7300E5358E /* faoi_fúithi.mp3 */ = {isa = PBXFileReference; lastKnownFileType = audio.mp3; path = "faoi_fúithi.mp3"; sourceTree = "<group>"; };
		9C05849C2CAB0E7300E5358E /* faoi_fút.mp3 */ = {isa = PBXFileReference; lastKnownFileType = audio.mp3; path = "faoi_fút.mp3"; sourceTree = "<group>"; };
		9C0584A02CAB130D00E5358E /* faoi_fúthu.mp3 */ = {isa = PBXFileReference; lastKnownFileType = audio.mp3; path = "faoi_fúthu.mp3"; sourceTree = "<group>"; };
		9C0584A22CAB14A800E5358E /* faoi_fúinn.mp3 */ = {isa = PBXFileReference; lastKnownFileType = audio.mp3; path = "faoi_fúinn.mp3"; sourceTree = "<group>"; };
		9C0584A42CAB14B100E5358E /* faoi_fúibh.mp3 */ = {isa = PBXFileReference; lastKnownFileType = audio.mp3; path = "faoi_fúibh.mp3"; sourceTree = "<group>"; };
		9C0584A62CAB1D4800E5358E /* ag_acu.mp3 */ = {isa = PBXFileReference; lastKnownFileType = audio.mp3; path = ag_acu.mp3; sourceTree = "<group>"; };
		9C0584A72CAB1D4800E5358E /* ag_agaibh.mp3 */ = {isa = PBXFileReference; lastKnownFileType = audio.mp3; path = ag_agaibh.mp3; sourceTree = "<group>"; };
		9C0584A82CAB1D4800E5358E /* ag_againn.mp3 */ = {isa = PBXFileReference; lastKnownFileType = audio.mp3; path = ag_againn.mp3; sourceTree = "<group>"; };
		9C0584A92CAB1D4800E5358E /* ag_agam.mp3 */ = {isa = PBXFileReference; lastKnownFileType = audio.mp3; path = ag_agam.mp3; sourceTree = "<group>"; };
		9C0584AA2CAB1D4800E5358E /* ag_agat.mp3 */ = {isa = PBXFileReference; lastKnownFileType = audio.mp3; path = ag_agat.mp3; sourceTree = "<group>"; };
		9C0584AB2CAB1D4800E5358E /* ag_aici.mp3 */ = {isa = PBXFileReference; lastKnownFileType = audio.mp3; path = ag_aici.mp3; sourceTree = "<group>"; };
		9C0584AC2CAB1D4800E5358E /* ag_aige.mp3 */ = {isa = PBXFileReference; lastKnownFileType = audio.mp3; path = ag_aige.mp3; sourceTree = "<group>"; };
		9C0584AD2CAB1D4800E5358E /* ar_air.mp3 */ = {isa = PBXFileReference; lastKnownFileType = audio.mp3; path = ar_air.mp3; sourceTree = "<group>"; };
		9C0584AE2CAB1D4800E5358E /* ar_oraibh.mp3 */ = {isa = PBXFileReference; lastKnownFileType = audio.mp3; path = ar_oraibh.mp3; sourceTree = "<group>"; };
		9C0584AF2CAB1D4800E5358E /* ar_orainn.mp3 */ = {isa = PBXFileReference; lastKnownFileType = audio.mp3; path = ar_orainn.mp3; sourceTree = "<group>"; };
		9C0584B02CAB1D4800E5358E /* ar_orm.mp3 */ = {isa = PBXFileReference; lastKnownFileType = audio.mp3; path = ar_orm.mp3; sourceTree = "<group>"; };
		9C0584B12CAB1D4800E5358E /* ar_ort.mp3 */ = {isa = PBXFileReference; lastKnownFileType = audio.mp3; path = ar_ort.mp3; sourceTree = "<group>"; };
		9C0584B22CAB1D4800E5358E /* ar_orthu.mp3 */ = {isa = PBXFileReference; lastKnownFileType = audio.mp3; path = ar_orthu.mp3; sourceTree = "<group>"; };
		9C0584B32CAB1D4800E5358E /* ar_uirthi.mp3 */ = {isa = PBXFileReference; lastKnownFileType = audio.mp3; path = ar_uirthi.mp3; sourceTree = "<group>"; };
		9C0584B42CAB1D4800E5358E /* as_aisti.mp3 */ = {isa = PBXFileReference; lastKnownFileType = audio.mp3; path = as_aisti.mp3; sourceTree = "<group>"; };
		9C0584B52CAB1D4800E5358E /* as_as.mp3 */ = {isa = PBXFileReference; lastKnownFileType = audio.mp3; path = as_as.mp3; sourceTree = "<group>"; };
		9C0584B62CAB1D4800E5358E /* as_asaibh.mp3 */ = {isa = PBXFileReference; lastKnownFileType = audio.mp3; path = as_asaibh.mp3; sourceTree = "<group>"; };
		9C0584B72CAB1D4800E5358E /* as_asainn.mp3 */ = {isa = PBXFileReference; lastKnownFileType = audio.mp3; path = as_asainn.mp3; sourceTree = "<group>"; };
		9C0584B82CAB1D4800E5358E /* as_asam.mp3 */ = {isa = PBXFileReference; lastKnownFileType = audio.mp3; path = as_asam.mp3; sourceTree = "<group>"; };
		9C0584B92CAB1D4800E5358E /* as_asat.mp3 */ = {isa = PBXFileReference; lastKnownFileType = audio.mp3; path = as_asat.mp3; sourceTree = "<group>"; };
		9C0584BA2CAB1D4800E5358E /* as_astu.mp3 */ = {isa = PBXFileReference; lastKnownFileType = audio.mp3; path = as_astu.mp3; sourceTree = "<group>"; };
		9C0584BB2CAB1D4800E5358E /* de_de.mp3 */ = {isa = PBXFileReference; lastKnownFileType = audio.mp3; path = de_de.mp3; sourceTree = "<group>"; };
		9C0584BC2CAB1D4800E5358E /* de_di.mp3 */ = {isa = PBXFileReference; lastKnownFileType = audio.mp3; path = de_di.mp3; sourceTree = "<group>"; };
		9C0584BD2CAB1D4800E5358E /* de_díbh.mp3 */ = {isa = PBXFileReference; lastKnownFileType = audio.mp3; path = "de_díbh.mp3"; sourceTree = "<group>"; };
		9C0584BE2CAB1D4800E5358E /* de_dínn.mp3 */ = {isa = PBXFileReference; lastKnownFileType = audio.mp3; path = "de_dínn.mp3"; sourceTree = "<group>"; };
		9C0584BF2CAB1D4800E5358E /* de_díobh.mp3 */ = {isa = PBXFileReference; lastKnownFileType = audio.mp3; path = "de_díobh.mp3"; sourceTree = "<group>"; };
		9C0584C02CAB1D4800E5358E /* de_díom.mp3 */ = {isa = PBXFileReference; lastKnownFileType = audio.mp3; path = "de_díom.mp3"; sourceTree = "<group>"; };
		9C0584C12CAB1D4800E5358E /* de_díot.mp3 */ = {isa = PBXFileReference; lastKnownFileType = audio.mp3; path = "de_díot.mp3"; sourceTree = "<group>"; };
		9C0584C22CAB1D4800E5358E /* do_daoibh.mp3 */ = {isa = PBXFileReference; lastKnownFileType = audio.mp3; path = do_daoibh.mp3; sourceTree = "<group>"; };
		9C0584C32CAB1D4800E5358E /* do_di.mp3 */ = {isa = PBXFileReference; lastKnownFileType = audio.mp3; path = do_di.mp3; sourceTree = "<group>"; };
		9C0584C42CAB1D4800E5358E /* do_dó.mp3 */ = {isa = PBXFileReference; lastKnownFileType = audio.mp3; path = "do_dó.mp3"; sourceTree = "<group>"; };
		9C0584C52CAB1D4800E5358E /* do_dóibh.mp3 */ = {isa = PBXFileReference; lastKnownFileType = audio.mp3; path = "do_dóibh.mp3"; sourceTree = "<group>"; };
		9C0584C62CAB1D4800E5358E /* do_dom.mp3 */ = {isa = PBXFileReference; lastKnownFileType = audio.mp3; path = do_dom.mp3; sourceTree = "<group>"; };
		9C0584C72CAB1D4800E5358E /* do_dúinn.mp3 */ = {isa = PBXFileReference; lastKnownFileType = audio.mp3; path = "do_dúinn.mp3"; sourceTree = "<group>"; };
		9C0584C82CAB1D4800E5358E /* do_duit.mp3 */ = {isa = PBXFileReference; lastKnownFileType = audio.mp3; path = do_duit.mp3; sourceTree = "<group>"; };
		9C0584EC2CAB1D5300E5358E /* i_ann.mp3 */ = {isa = PBXFileReference; lastKnownFileType = audio.mp3; path = i_ann.mp3; sourceTree = "<group>"; };
		9C0584ED2CAB1D5300E5358E /* i_inti.mp3 */ = {isa = PBXFileReference; lastKnownFileType = audio.mp3; path = i_inti.mp3; sourceTree = "<group>"; };
		9C0584EE2CAB1D5300E5358E /* i_ionaibh.mp3 */ = {isa = PBXFileReference; lastKnownFileType = audio.mp3; path = i_ionaibh.mp3; sourceTree = "<group>"; };
		9C0584EF2CAB1D5300E5358E /* i_ionainn.mp3 */ = {isa = PBXFileReference; lastKnownFileType = audio.mp3; path = i_ionainn.mp3; sourceTree = "<group>"; };
		9C0584F02CAB1D5300E5358E /* i_ionam.mp3 */ = {isa = PBXFileReference; lastKnownFileType = audio.mp3; path = i_ionam.mp3; sourceTree = "<group>"; };
		9C0584F12CAB1D5300E5358E /* i_ionat.mp3 */ = {isa = PBXFileReference; lastKnownFileType = audio.mp3; path = i_ionat.mp3; sourceTree = "<group>"; };
		9C0584F22CAB1D5300E5358E /* i_iontu.mp3 */ = {isa = PBXFileReference; lastKnownFileType = audio.mp3; path = i_iontu.mp3; sourceTree = "<group>"; };
		9C0584F32CAB1D5300E5358E /* idir_eadraibh.mp3 */ = {isa = PBXFileReference; lastKnownFileType = audio.mp3; path = idir_eadraibh.mp3; sourceTree = "<group>"; };
		9C0584F42CAB1D5300E5358E /* idir_eadrainn.mp3 */ = {isa = PBXFileReference; lastKnownFileType = audio.mp3; path = idir_eadrainn.mp3; sourceTree = "<group>"; };
		9C0584F52CAB1D5300E5358E /* idir_eatarthu.mp3 */ = {isa = PBXFileReference; lastKnownFileType = audio.mp3; path = idir_eatarthu.mp3; sourceTree = "<group>"; };
		9C0584F62CAB1D5300E5358E /* le_leat.mp3 */ = {isa = PBXFileReference; lastKnownFileType = audio.mp3; path = le_leat.mp3; sourceTree = "<group>"; };
		9C0584F72CAB1D5300E5358E /* le_léi.mp3 */ = {isa = PBXFileReference; lastKnownFileType = audio.mp3; path = "le_léi.mp3"; sourceTree = "<group>"; };
		9C0584F82CAB1D5300E5358E /* le_leis.mp3 */ = {isa = PBXFileReference; lastKnownFileType = audio.mp3; path = le_leis.mp3; sourceTree = "<group>"; };
		9C0584F92CAB1D5300E5358E /* le_leo.mp3 */ = {isa = PBXFileReference; lastKnownFileType = audio.mp3; path = le_leo.mp3; sourceTree = "<group>"; };
		9C0584FA2CAB1D5300E5358E /* le_libh.mp3 */ = {isa = PBXFileReference; lastKnownFileType = audio.mp3; path = le_libh.mp3; sourceTree = "<group>"; };
		9C0584FB2CAB1D5300E5358E /* le_linn.mp3 */ = {isa = PBXFileReference; lastKnownFileType = audio.mp3; path = le_linn.mp3; sourceTree = "<group>"; };
		9C0584FC2CAB1D5300E5358E /* le_liom.mp3 */ = {isa = PBXFileReference; lastKnownFileType = audio.mp3; path = le_liom.mp3; sourceTree = "<group>"; };
		9C0584FD2CAB1D5300E5358E /* ó_uaibh.mp3 */ = {isa = PBXFileReference; lastKnownFileType = audio.mp3; path = "ó_uaibh.mp3"; sourceTree = "<group>"; };
		9C0584FE2CAB1D5300E5358E /* ó_uaidh.mp3 */ = {isa = PBXFileReference; lastKnownFileType = audio.mp3; path = "ó_uaidh.mp3"; sourceTree = "<group>"; };
		9C0584FF2CAB1D5300E5358E /* ó_uaim.mp3 */ = {isa = PBXFileReference; lastKnownFileType = audio.mp3; path = "ó_uaim.mp3"; sourceTree = "<group>"; };
		9C0585002CAB1D5300E5358E /* ó_uainn.mp3 */ = {isa = PBXFileReference; lastKnownFileType = audio.mp3; path = "ó_uainn.mp3"; sourceTree = "<group>"; };
		9C0585012CAB1D5300E5358E /* ó_uait.mp3 */ = {isa = PBXFileReference; lastKnownFileType = audio.mp3; path = "ó_uait.mp3"; sourceTree = "<group>"; };
		9C0585022CAB1D5300E5358E /* ó_uaithi.mp3 */ = {isa = PBXFileReference; lastKnownFileType = audio.mp3; path = "ó_uaithi.mp3"; sourceTree = "<group>"; };
		9C0585032CAB1D5300E5358E /* ó_uathu.mp3 */ = {isa = PBXFileReference; lastKnownFileType = audio.mp3; path = "ó_uathu.mp3"; sourceTree = "<group>"; };
		9C5F8F882CABB04F00021076 /* AudioPracticeView.swift */ = {isa = PBXFileReference; lastKnownFileType = sourcecode.swift; path = AudioPracticeView.swift; sourceTree = "<group>"; };
		9C5F8F8A2CABB0C200021076 /* DataProvider.swift */ = {isa = PBXFileReference; lastKnownFileType = sourcecode.swift; path = DataProvider.swift; sourceTree = "<group>"; };
		9C8956612CAAE29E0051EB8B /* IrishPronounQuiz.app */ = {isa = PBXFileReference; explicitFileType = wrapper.application; includeInIndex = 0; path = IrishPronounQuiz.app; sourceTree = BUILT_PRODUCTS_DIR; };
		9C8956642CAAE29E0051EB8B /* IrishPronounQuizApp.swift */ = {isa = PBXFileReference; lastKnownFileType = sourcecode.swift; path = IrishPronounQuizApp.swift; sourceTree = "<group>"; };
		9C8956662CAAE29E0051EB8B /* ContentView.swift */ = {isa = PBXFileReference; lastKnownFileType = sourcecode.swift; path = ContentView.swift; sourceTree = "<group>"; };
		9C8956682CAAE2A00051EB8B /* Assets.xcassets */ = {isa = PBXFileReference; lastKnownFileType = folder.assetcatalog; path = Assets.xcassets; sourceTree = "<group>"; };
		9C89566B2CAAE2A00051EB8B /* Preview Assets.xcassets */ = {isa = PBXFileReference; lastKnownFileType = folder.assetcatalog; path = "Preview Assets.xcassets"; sourceTree = "<group>"; };
		9C8956722CAAE2DC0051EB8B /* Models.swift */ = {isa = PBXFileReference; lastKnownFileType = sourcecode.swift; path = Models.swift; sourceTree = "<group>"; };
		9C8956742CAAE3200051EB8B /* AudioPlayer.swift */ = {isa = PBXFileReference; lastKnownFileType = sourcecode.swift; path = AudioPlayer.swift; sourceTree = "<group>"; };
		9C8956762CAAE3410051EB8B /* RecognitionView.swift */ = {isa = PBXFileReference; lastKnownFileType = sourcecode.swift; path = RecognitionView.swift; sourceTree = "<group>"; };
		9C8956782CAAE3770051EB8B /* ProductionView.swift */ = {isa = PBXFileReference; lastKnownFileType = sourcecode.swift; path = ProductionView.swift; sourceTree = "<group>"; };
		9C89567A2CAAE66D0051EB8B /* ModeDestinationView.swift */ = {isa = PBXFileReference; lastKnownFileType = sourcecode.swift; path = ModeDestinationView.swift; sourceTree = "<group>"; };
/* End PBXFileReference section */

/* Begin PBXFrameworksBuildPhase section */
		9C89565E2CAAE29E0051EB8B /* Frameworks */ = {
			isa = PBXFrameworksBuildPhase;
			buildActionMask = 2147483647;
			files = (
			);
			runOnlyForDeploymentPostprocessing = 0;
		};
/* End PBXFrameworksBuildPhase section */

/* Begin PBXGroup section */
		9C0584972CAB0B0500E5358E /* Audio */ = {
			isa = PBXGroup;
			children = (
				9C05851C2CAB1D6700E5358E /* Connacht */,
			);
			path = Audio;
			sourceTree = "<group>";
		};
		9C05851C2CAB1D6700E5358E /* Connacht */ = {
			isa = PBXGroup;
			children = (
				9C0584982CAB0B6F00E5358E /* faoi_fúm.mp3 */,
				9C05849A2CAB0E7300E5358E /* faoi_faoi.mp3 */,
				9C05849B2CAB0E7300E5358E /* faoi_fúithi.mp3 */,
				9C05849C2CAB0E7300E5358E /* faoi_fút.mp3 */,
				9C0584A02CAB130D00E5358E /* faoi_fúthu.mp3 */,
				9C0584A22CAB14A800E5358E /* faoi_fúinn.mp3 */,
				9C0584A42CAB14B100E5358E /* faoi_fúibh.mp3 */,
				9C0584A62CAB1D4800E5358E /* ag_acu.mp3 */,
				9C0584A72CAB1D4800E5358E /* ag_agaibh.mp3 */,
				9C0584A82CAB1D4800E5358E /* ag_againn.mp3 */,
				9C0584A92CAB1D4800E5358E /* ag_agam.mp3 */,
				9C0584AA2CAB1D4800E5358E /* ag_agat.mp3 */,
				9C0584AB2CAB1D4800E5358E /* ag_aici.mp3 */,
				9C0584AC2CAB1D4800E5358E /* ag_aige.mp3 */,
				9C0584AD2CAB1D4800E5358E /* ar_air.mp3 */,
				9C0584AE2CAB1D4800E5358E /* ar_oraibh.mp3 */,
				9C0584AF2CAB1D4800E5358E /* ar_orainn.mp3 */,
				9C0584B02CAB1D4800E5358E /* ar_orm.mp3 */,
				9C0584B12CAB1D4800E5358E /* ar_ort.mp3 */,
				9C0584B22CAB1D4800E5358E /* ar_orthu.mp3 */,
				9C0584B32CAB1D4800E5358E /* ar_uirthi.mp3 */,
				9C0584B42CAB1D4800E5358E /* as_aisti.mp3 */,
				9C0584B52CAB1D4800E5358E /* as_as.mp3 */,
				9C0584B62CAB1D4800E5358E /* as_asaibh.mp3 */,
				9C0584B72CAB1D4800E5358E /* as_asainn.mp3 */,
				9C0584B82CAB1D4800E5358E /* as_asam.mp3 */,
				9C0584B92CAB1D4800E5358E /* as_asat.mp3 */,
				9C0584BA2CAB1D4800E5358E /* as_astu.mp3 */,
				9C0584BB2CAB1D4800E5358E /* de_de.mp3 */,
				9C0584BC2CAB1D4800E5358E /* de_di.mp3 */,
				9C0584BD2CAB1D4800E5358E /* de_díbh.mp3 */,
				9C0584BE2CAB1D4800E5358E /* de_dínn.mp3 */,
				9C0584BF2CAB1D4800E5358E /* de_díobh.mp3 */,
				9C0584C02CAB1D4800E5358E /* de_díom.mp3 */,
				9C0584C12CAB1D4800E5358E /* de_díot.mp3 */,
				9C0584C22CAB1D4800E5358E /* do_daoibh.mp3 */,
				9C0584C32CAB1D4800E5358E /* do_di.mp3 */,
				9C0584C42CAB1D4800E5358E /* do_dó.mp3 */,
				9C0584C52CAB1D4800E5358E /* do_dóibh.mp3 */,
				9C0584C62CAB1D4800E5358E /* do_dom.mp3 */,
				9C0584C72CAB1D4800E5358E /* do_dúinn.mp3 */,
				9C0584C82CAB1D4800E5358E /* do_duit.mp3 */,
				9C0584EC2CAB1D5300E5358E /* i_ann.mp3 */,
				9C0584ED2CAB1D5300E5358E /* i_inti.mp3 */,
				9C0584EE2CAB1D5300E5358E /* i_ionaibh.mp3 */,
				9C0584EF2CAB1D5300E5358E /* i_ionainn.mp3 */,
				9C0584F02CAB1D5300E5358E /* i_ionam.mp3 */,
				9C0584F12CAB1D5300E5358E /* i_ionat.mp3 */,
				9C0584F22CAB1D5300E5358E /* i_iontu.mp3 */,
				9C0584F32CAB1D5300E5358E /* idir_eadraibh.mp3 */,
				9C0584F42CAB1D5300E5358E /* idir_eadrainn.mp3 */,
				9C0584F52CAB1D5300E5358E /* idir_eatarthu.mp3 */,
				9C0584F62CAB1D5300E5358E /* le_leat.mp3 */,
				9C0584F72CAB1D5300E5358E /* le_léi.mp3 */,
				9C0584F82CAB1D5300E5358E /* le_leis.mp3 */,
				9C0584F92CAB1D5300E5358E /* le_leo.mp3 */,
				9C0584FA2CAB1D5300E5358E /* le_libh.mp3 */,
				9C0584FB2CAB1D5300E5358E /* le_linn.mp3 */,
				9C0584FC2CAB1D5300E5358E /* le_liom.mp3 */,
				9C0584FD2CAB1D5300E5358E /* ó_uaibh.mp3 */,
				9C0584FE2CAB1D5300E5358E /* ó_uaidh.mp3 */,
				9C0584FF2CAB1D5300E5358E /* ó_uaim.mp3 */,
				9C0585002CAB1D5300E5358E /* ó_uainn.mp3 */,
				9C0585012CAB1D5300E5358E /* ó_uait.mp3 */,
				9C0585022CAB1D5300E5358E /* ó_uaithi.mp3 */,
				9C0585032CAB1D5300E5358E /* ó_uathu.mp3 */,
			);
			path = Connacht;
			sourceTree = "<group>";
		};
		9C8956582CAAE29E0051EB8B = {
			isa = PBXGroup;
			children = (
				9C8956632CAAE29E0051EB8B /* IrishPronounQuiz */,
				9C8956622CAAE29E0051EB8B /* Products */,
			);
			sourceTree = "<group>";
		};
		9C8956622CAAE29E0051EB8B /* Products */ = {
			isa = PBXGroup;
			children = (
				9C8956612CAAE29E0051EB8B /* IrishPronounQuiz.app */,
			);
			name = Products;
			sourceTree = "<group>";
		};
		9C8956632CAAE29E0051EB8B /* IrishPronounQuiz */ = {
			isa = PBXGroup;
			children = (
				9C8956642CAAE29E0051EB8B /* IrishPronounQuizApp.swift */,
				9C8956662CAAE29E0051EB8B /* ContentView.swift */,
				9C8956682CAAE2A00051EB8B /* Assets.xcassets */,
				9C0584972CAB0B0500E5358E /* Audio */,
				9C89566A2CAAE2A00051EB8B /* Preview Content */,
				9C8956722CAAE2DC0051EB8B /* Models.swift */,
				9C8956742CAAE3200051EB8B /* AudioPlayer.swift */,
				9C8956762CAAE3410051EB8B /* RecognitionView.swift */,
				9C8956782CAAE3770051EB8B /* ProductionView.swift */,
				9C89567A2CAAE66D0051EB8B /* ModeDestinationView.swift */,
				9C0584952CAB06E300E5358E /* Info.plist */,
				9C5F8F882CABB04F00021076 /* AudioPracticeView.swift */,
				9C5F8F8A2CABB0C200021076 /* DataProvider.swift */,
			);
			path = IrishPronounQuiz;
			sourceTree = "<group>";
		};
		9C89566A2CAAE2A00051EB8B /* Preview Content */ = {
			isa = PBXGroup;
			children = (
				9C89566B2CAAE2A00051EB8B /* Preview Assets.xcassets */,
			);
			path = "Preview Content";
			sourceTree = "<group>";
		};
/* End PBXGroup section */

/* Begin PBXNativeTarget section */
		9C8956602CAAE29E0051EB8B /* IrishPronounQuiz */ = {
			isa = PBXNativeTarget;
			buildConfigurationList = 9C89566F2CAAE2A00051EB8B /* Build configuration list for PBXNativeTarget "IrishPronounQuiz" */;
			buildPhases = (
				9C89565D2CAAE29E0051EB8B /* Sources */,
				9C89565E2CAAE29E0051EB8B /* Frameworks */,
				9C89565F2CAAE29E0051EB8B /* Resources */,
			);
			buildRules = (
			);
			dependencies = (
			);
			name = IrishPronounQuiz;
			productName = IrishPronounQuiz;
			productReference = 9C8956612CAAE29E0051EB8B /* IrishPronounQuiz.app */;
			productType = "com.apple.product-type.application";
		};
/* End PBXNativeTarget section */

/* Begin PBXProject section */
		9C8956592CAAE29E0051EB8B /* Project object */ = {
			isa = PBXProject;
			attributes = {
				BuildIndependentTargetsInParallel = 1;
				LastSwiftUpdateCheck = 1540;
				LastUpgradeCheck = 1540;
				TargetAttributes = {
					9C8956602CAAE29E0051EB8B = {
						CreatedOnToolsVersion = 15.4;
					};
				};
			};
			buildConfigurationList = 9C89565C2CAAE29E0051EB8B /* Build configuration list for PBXProject "IrishPronounQuiz" */;
			compatibilityVersion = "Xcode 14.0";
			developmentRegion = en;
			hasScannedForEncodings = 0;
			knownRegions = (
				en,
				Base,
			);
			mainGroup = 9C8956582CAAE29E0051EB8B;
			productRefGroup = 9C8956622CAAE29E0051EB8B /* Products */;
			projectDirPath = "";
			projectRoot = "";
			targets = (
				9C8956602CAAE29E0051EB8B /* IrishPronounQuiz */,
			);
		};
/* End PBXProject section */

/* Begin PBXResourcesBuildPhase section */
		9C89565F2CAAE29E0051EB8B /* Resources */ = {
			isa = PBXResourcesBuildPhase;
			buildActionMask = 2147483647;
			files = (
				9C0584992CAB0B6F00E5358E /* faoi_fúm.mp3 in Resources */,
				9C89566C2CAAE2A00051EB8B /* Preview Assets.xcassets in Resources */,
				9C0584A52CAB14B100E5358E /* faoi_fúibh.mp3 in Resources */,
				9C8956692CAAE2A00051EB8B /* Assets.xcassets in Resources */,
				9C0584A12CAB130D00E5358E /* faoi_fúthu.mp3 in Resources */,
				9C0584A32CAB14A800E5358E /* faoi_fúinn.mp3 in Resources */,
				9C05849D2CAB0E7300E5358E /* faoi_fúithi.mp3 in Resources */,
				9C05849E2CAB0E7300E5358E /* faoi_fút.mp3 in Resources */,
				9C05849F2CAB0E7300E5358E /* faoi_faoi.mp3 in Resources */,
				9C0584C92CAB1D4800E5358E /* de_díot.mp3 in Resources */,
				9C0584CA2CAB1D4800E5358E /* ar_ort.mp3 in Resources */,
				9C0584CB2CAB1D4800E5358E /* de_díom.mp3 in Resources */,
				9C0584CC2CAB1D4800E5358E /* do_daoibh.mp3 in Resources */,
				9C0584CD2CAB1D4800E5358E /* as_aisti.mp3 in Resources */,
				9C0584CE2CAB1D4800E5358E /* de_díobh.mp3 in Resources */,
				9C0584CF2CAB1D4800E5358E /* as_asat.mp3 in Resources */,
				9C0584D02CAB1D4800E5358E /* do_dó.mp3 in Resources */,
				9C0584D12CAB1D4800E5358E /* ag_againn.mp3 in Resources */,
				9C0584D22CAB1D4800E5358E /* as_astu.mp3 in Resources */,
				9C0584D32CAB1D4800E5358E /* de_de.mp3 in Resources */,
				9C0584D42CAB1D4800E5358E /* do_di.mp3 in Resources */,
				9C0584D52CAB1D4800E5358E /* ag_agam.mp3 in Resources */,
				9C0584D62CAB1D4800E5358E /* ar_orm.mp3 in Resources */,
				9C0584D72CAB1D4800E5358E /* ag_agaibh.mp3 in Resources */,
				9C0584D82CAB1D4800E5358E /* as_asaibh.mp3 in Resources */,
				9C0584D92CAB1D4800E5358E /* de_díbh.mp3 in Resources */,
				9C0584DA2CAB1D4800E5358E /* do_dom.mp3 in Resources */,
				9C0584DB2CAB1D4800E5358E /* ag_aige.mp3 in Resources */,
				9C0584DC2CAB1D4800E5358E /* as_asainn.mp3 in Resources */,
				9C0584DD2CAB1D4800E5358E /* ag_agat.mp3 in Resources */,
				9C0584DE2CAB1D4800E5358E /* do_dúinn.mp3 in Resources */,
				9C0584DF2CAB1D4800E5358E /* de_di.mp3 in Resources */,
				9C0584E02CAB1D4800E5358E /* as_as.mp3 in Resources */,
				9C0584E12CAB1D4800E5358E /* ag_acu.mp3 in Resources */,
				9C0584E22CAB1D4800E5358E /* ar_orthu.mp3 in Resources */,
				9C0584E32CAB1D4800E5358E /* ar_uirthi.mp3 in Resources */,
				9C0584E42CAB1D4800E5358E /* de_dínn.mp3 in Resources */,
				9C0584E52CAB1D4800E5358E /* as_asam.mp3 in Resources */,
				9C0584E62CAB1D4800E5358E /* ag_aici.mp3 in Resources */,
				9C0584E72CAB1D4800E5358E /* ar_oraibh.mp3 in Resources */,
				9C0584E82CAB1D4800E5358E /* ar_orainn.mp3 in Resources */,
				9C0584E92CAB1D4800E5358E /* ar_air.mp3 in Resources */,
				9C0584EA2CAB1D4800E5358E /* do_dóibh.mp3 in Resources */,
				9C0585042CAB1D5300E5358E /* le_leis.mp3 in Resources */,
				9C0585052CAB1D5300E5358E /* ó_uait.mp3 in Resources */,
				9C0585062CAB1D5300E5358E /* ó_uaibh.mp3 in Resources */,
				9C0585072CAB1D5300E5358E /* le_leat.mp3 in Resources */,
				9C0585082CAB1D5300E5358E /* le_libh.mp3 in Resources */,
				9C0585092CAB1D5300E5358E /* idir_eadraibh.mp3 in Resources */,
				9C05850A2CAB1D5300E5358E /* ó_uaim.mp3 in Resources */,
				9C05850B2CAB1D5300E5358E /* ó_uaithi.mp3 in Resources */,
				9C05850C2CAB1D5300E5358E /* i_ann.mp3 in Resources */,
				9C05850D2CAB1D5300E5358E /* i_ionaibh.mp3 in Resources */,
				9C05850E2CAB1D5300E5358E /* idir_eatarthu.mp3 in Resources */,
				9C05850F2CAB1D5300E5358E /* i_ionat.mp3 in Resources */,
				9C0585102CAB1D5300E5358E /* i_ionam.mp3 in Resources */,
				9C0585112CAB1D5300E5358E /* le_léi.mp3 in Resources */,
				9C0585122CAB1D5300E5358E /* le_linn.mp3 in Resources */,
				9C0585132CAB1D5300E5358E /* ó_uainn.mp3 in Resources */,
				9C0585142CAB1D5300E5358E /* ó_uathu.mp3 in Resources */,
				9C0585152CAB1D5300E5358E /* i_inti.mp3 in Resources */,
				9C0585162CAB1D5300E5358E /* le_leo.mp3 in Resources */,
				9C0585172CAB1D5300E5358E /* le_liom.mp3 in Resources */,
				9C0585182CAB1D5300E5358E /* idir_eadrainn.mp3 in Resources */,
				9C0585192CAB1D5300E5358E /* ó_uaidh.mp3 in Resources */,
				9C05851A2CAB1D5300E5358E /* i_iontu.mp3 in Resources */,
				9C05851B2CAB1D5300E5358E /* i_ionainn.mp3 in Resources */,
				9C0584EB2CAB1D4800E5358E /* do_duit.mp3 in Resources */,
			);
			runOnlyForDeploymentPostprocessing = 0;
		};
/* End PBXResourcesBuildPhase section */

/* Begin PBXSourcesBuildPhase section */
		9C89565D2CAAE29E0051EB8B /* Sources */ = {
			isa = PBXSourcesBuildPhase;
			buildActionMask = 2147483647;
			files = (
				9C8956732CAAE2DC0051EB8B /* Models.swift in Sources */,
				9C89567B2CAAE66D0051EB8B /* ModeDestinationView.swift in Sources */,
				9C5F8F892CABB04F00021076 /* AudioPracticeView.swift in Sources */,
				9C8956672CAAE29E0051EB8B /* ContentView.swift in Sources */,
				9C8956652CAAE29E0051EB8B /* IrishPronounQuizApp.swift in Sources */,
				9C8956772CAAE3410051EB8B /* RecognitionView.swift in Sources */,
				9C5F8F8B2CABB0C200021076 /* DataProvider.swift in Sources */,
				9C8956792CAAE3770051EB8B /* ProductionView.swift in Sources */,
				9C8956752CAAE3200051EB8B /* AudioPlayer.swift in Sources */,
			);
			runOnlyForDeploymentPostprocessing = 0;
		};
/* End PBXSourcesBuildPhase section */

/* Begin XCBuildConfiguration section */
		9C89566D2CAAE2A00051EB8B /* Debug */ = {
			isa = XCBuildConfiguration;
			buildSettings = {
				ALWAYS_SEARCH_USER_PATHS = NO;
				ASSETCATALOG_COMPILER_GENERATE_SWIFT_ASSET_SYMBOL_EXTENSIONS = YES;
				CLANG_ANALYZER_NONNULL = YES;
				CLANG_ANALYZER_NUMBER_OBJECT_CONVERSION = YES_AGGRESSIVE;
				CLANG_CXX_LANGUAGE_STANDARD = "gnu++20";
				CLANG_ENABLE_MODULES = YES;
				CLANG_ENABLE_OBJC_ARC = YES;
				CLANG_ENABLE_OBJC_WEAK = YES;
				CLANG_WARN_BLOCK_CAPTURE_AUTORELEASING = YES;
				CLANG_WARN_BOOL_CONVERSION = YES;
				CLANG_WARN_COMMA = YES;
				CLANG_WARN_CONSTANT_CONVERSION = YES;
				CLANG_WARN_DEPRECATED_OBJC_IMPLEMENTATIONS = YES;
				CLANG_WARN_DIRECT_OBJC_ISA_USAGE = YES_ERROR;
				CLANG_WARN_DOCUMENTATION_COMMENTS = YES;
				CLANG_WARN_EMPTY_BODY = YES;
				CLANG_WARN_ENUM_CONVERSION = YES;
				CLANG_WARN_INFINITE_RECURSION = YES;
				CLANG_WARN_INT_CONVERSION = YES;
				CLANG_WARN_NON_LITERAL_NULL_CONVERSION = YES;
				CLANG_WARN_OBJC_IMPLICIT_RETAIN_SELF = YES;
				CLANG_WARN_OBJC_LITERAL_CONVERSION = YES;
				CLANG_WARN_OBJC_ROOT_CLASS = YES_ERROR;
				CLANG_WARN_QUOTED_INCLUDE_IN_FRAMEWORK_HEADER = YES;
				CLANG_WARN_RANGE_LOOP_ANALYSIS = YES;
				CLANG_WARN_STRICT_PROTOTYPES = YES;
				CLANG_WARN_SUSPICIOUS_MOVE = YES;
				CLANG_WARN_UNGUARDED_AVAILABILITY = YES_AGGRESSIVE;
				CLANG_WARN_UNREACHABLE_CODE = YES;
				CLANG_WARN__DUPLICATE_METHOD_MATCH = YES;
				COPY_PHASE_STRIP = NO;
				DEBUG_INFORMATION_FORMAT = dwarf;
				ENABLE_STRICT_OBJC_MSGSEND = YES;
				ENABLE_TESTABILITY = YES;
				ENABLE_USER_SCRIPT_SANDBOXING = YES;
				GCC_C_LANGUAGE_STANDARD = gnu17;
				GCC_DYNAMIC_NO_PIC = NO;
				GCC_NO_COMMON_BLOCKS = YES;
				GCC_OPTIMIZATION_LEVEL = 0;
				GCC_PREPROCESSOR_DEFINITIONS = (
					"DEBUG=1",
					"$(inherited)",
				);
				GCC_WARN_64_TO_32_BIT_CONVERSION = YES;
				GCC_WARN_ABOUT_RETURN_TYPE = YES_ERROR;
				GCC_WARN_UNDECLARED_SELECTOR = YES;
				GCC_WARN_UNINITIALIZED_AUTOS = YES_AGGRESSIVE;
				GCC_WARN_UNUSED_FUNCTION = YES;
				GCC_WARN_UNUSED_VARIABLE = YES;
				IPHONEOS_DEPLOYMENT_TARGET = 17.5;
				LOCALIZATION_PREFERS_STRING_CATALOGS = YES;
				MTL_ENABLE_DEBUG_INFO = INCLUDE_SOURCE;
				MTL_FAST_MATH = YES;
				ONLY_ACTIVE_ARCH = YES;
				SDKROOT = iphoneos;
				SWIFT_ACTIVE_COMPILATION_CONDITIONS = "DEBUG $(inherited)";
				SWIFT_OPTIMIZATION_LEVEL = "-Onone";
			};
			name = Debug;
		};
		9C89566E2CAAE2A00051EB8B /* Release */ = {
			isa = XCBuildConfiguration;
			buildSettings = {
				ALWAYS_SEARCH_USER_PATHS = NO;
				ASSETCATALOG_COMPILER_GENERATE_SWIFT_ASSET_SYMBOL_EXTENSIONS = YES;
				CLANG_ANALYZER_NONNULL = YES;
				CLANG_ANALYZER_NUMBER_OBJECT_CONVERSION = YES_AGGRESSIVE;
				CLANG_CXX_LANGUAGE_STANDARD = "gnu++20";
				CLANG_ENABLE_MODULES = YES;
				CLANG_ENABLE_OBJC_ARC = YES;
				CLANG_ENABLE_OBJC_WEAK = YES;
				CLANG_WARN_BLOCK_CAPTURE_AUTORELEASING = YES;
				CLANG_WARN_BOOL_CONVERSION = YES;
				CLANG_WARN_COMMA = YES;
				CLANG_WARN_CONSTANT_CONVERSION = YES;
				CLANG_WARN_DEPRECATED_OBJC_IMPLEMENTATIONS = YES;
				CLANG_WARN_DIRECT_OBJC_ISA_USAGE = YES_ERROR;
				CLANG_WARN_DOCUMENTATION_COMMENTS = YES;
				CLANG_WARN_EMPTY_BODY = YES;
				CLANG_WARN_ENUM_CONVERSION = YES;
				CLANG_WARN_INFINITE_RECURSION = YES;
				CLANG_WARN_INT_CONVERSION = YES;
				CLANG_WARN_NON_LITERAL_NULL_CONVERSION = YES;
				CLANG_WARN_OBJC_IMPLICIT_RETAIN_SELF = YES;
				CLANG_WARN_OBJC_LITERAL_CONVERSION = YES;
				CLANG_WARN_OBJC_ROOT_CLASS = YES_ERROR;
				CLANG_WARN_QUOTED_INCLUDE_IN_FRAMEWORK_HEADER = YES;
				CLANG_WARN_RANGE_LOOP_ANALYSIS = YES;
				CLANG_WARN_STRICT_PROTOTYPES = YES;
				CLANG_WARN_SUSPICIOUS_MOVE = YES;
				CLANG_WARN_UNGUARDED_AVAILABILITY = YES_AGGRESSIVE;
				CLANG_WARN_UNREACHABLE_CODE = YES;
				CLANG_WARN__DUPLICATE_METHOD_MATCH = YES;
				COPY_PHASE_STRIP = NO;
				DEBUG_INFORMATION_FORMAT = "dwarf-with-dsym";
				ENABLE_NS_ASSERTIONS = NO;
				ENABLE_STRICT_OBJC_MSGSEND = YES;
				ENABLE_USER_SCRIPT_SANDBOXING = YES;
				GCC_C_LANGUAGE_STANDARD = gnu17;
				GCC_NO_COMMON_BLOCKS = YES;
				GCC_WARN_64_TO_32_BIT_CONVERSION = YES;
				GCC_WARN_ABOUT_RETURN_TYPE = YES_ERROR;
				GCC_WARN_UNDECLARED_SELECTOR = YES;
				GCC_WARN_UNINITIALIZED_AUTOS = YES_AGGRESSIVE;
				GCC_WARN_UNUSED_FUNCTION = YES;
				GCC_WARN_UNUSED_VARIABLE = YES;
				IPHONEOS_DEPLOYMENT_TARGET = 17.5;
				LOCALIZATION_PREFERS_STRING_CATALOGS = YES;
				MTL_ENABLE_DEBUG_INFO = NO;
				MTL_FAST_MATH = YES;
				SDKROOT = iphoneos;
				SWIFT_COMPILATION_MODE = wholemodule;
				VALIDATE_PRODUCT = YES;
			};
			name = Release;
		};
		9C8956702CAAE2A00051EB8B /* Debug */ = {
			isa = XCBuildConfiguration;
			buildSettings = {
				ASSETCATALOG_COMPILER_APPICON_NAME = AppIcon;
				ASSETCATALOG_COMPILER_GLOBAL_ACCENT_COLOR_NAME = AccentColor;
				CODE_SIGN_STYLE = Automatic;
				CURRENT_PROJECT_VERSION = 1;
				DEVELOPMENT_ASSET_PATHS = "\"IrishPronounQuiz/Preview Content\"";
				DEVELOPMENT_TEAM = 95YDL6VZ4V;
				ENABLE_PREVIEWS = YES;
				GENERATE_INFOPLIST_FILE = YES;
				INFOPLIST_KEY_UIApplicationSceneManifest_Generation = YES;
				INFOPLIST_KEY_UIApplicationSupportsIndirectInputEvents = YES;
				INFOPLIST_KEY_UILaunchScreen_Generation = YES;
				INFOPLIST_KEY_UISupportedInterfaceOrientations_iPad = "UIInterfaceOrientationPortrait UIInterfaceOrientationPortraitUpsideDown UIInterfaceOrientationLandscapeLeft UIInterfaceOrientationLandscapeRight";
				INFOPLIST_KEY_UISupportedInterfaceOrientations_iPhone = "UIInterfaceOrientationPortrait UIInterfaceOrientationLandscapeLeft UIInterfaceOrientationLandscapeRight";
				LD_RUNPATH_SEARCH_PATHS = (
					"$(inherited)",
					"@executable_path/Frameworks",
				);
				MARKETING_VERSION = 1.0;
				PRODUCT_BUNDLE_IDENTIFIER = starkat.dev.IrishPronounQuiz;
				PRODUCT_NAME = "$(TARGET_NAME)";
				SWIFT_EMIT_LOC_STRINGS = YES;
				SWIFT_VERSION = 5.0;
				TARGETED_DEVICE_FAMILY = "1,2";
			};
			name = Debug;
		};
		9C8956712CAAE2A00051EB8B /* Release */ = {
			isa = XCBuildConfiguration;
			buildSettings = {
				ASSETCATALOG_COMPILER_APPICON_NAME = AppIcon;
				ASSETCATALOG_COMPILER_GLOBAL_ACCENT_COLOR_NAME = AccentColor;
				CODE_SIGN_STYLE = Automatic;
				CURRENT_PROJECT_VERSION = 1;
				DEVELOPMENT_ASSET_PATHS = "\"IrishPronounQuiz/Preview Content\"";
				DEVELOPMENT_TEAM = 95YDL6VZ4V;
				ENABLE_PREVIEWS = YES;
				GENERATE_INFOPLIST_FILE = YES;
				INFOPLIST_KEY_UIApplicationSceneManifest_Generation = YES;
				INFOPLIST_KEY_UIApplicationSupportsIndirectInputEvents = YES;
				INFOPLIST_KEY_UILaunchScreen_Generation = YES;
				INFOPLIST_KEY_UISupportedInterfaceOrientations_iPad = "UIInterfaceOrientationPortrait UIInterfaceOrientationPortraitUpsideDown UIInterfaceOrientationLandscapeLeft UIInterfaceOrientationLandscapeRight";
				INFOPLIST_KEY_UISupportedInterfaceOrientations_iPhone = "UIInterfaceOrientationPortrait UIInterfaceOrientationLandscapeLeft UIInterfaceOrientationLandscapeRight";
				LD_RUNPATH_SEARCH_PATHS = (
					"$(inherited)",
					"@executable_path/Frameworks",
				);
				MARKETING_VERSION = 1.0;
				PRODUCT_BUNDLE_IDENTIFIER = starkat.dev.IrishPronounQuiz;
				PRODUCT_NAME = "$(TARGET_NAME)";
				SWIFT_EMIT_LOC_STRINGS = YES;
				SWIFT_VERSION = 5.0;
				TARGETED_DEVICE_FAMILY = "1,2";
			};
			name = Release;
		};
/* End XCBuildConfiguration section */

/* Begin XCConfigurationList section */
		9C89565C2CAAE29E0051EB8B /* Build configuration list for PBXProject "IrishPronounQuiz" */ = {
			isa = XCConfigurationList;
			buildConfigurations = (
				9C89566D2CAAE2A00051EB8B /* Debug */,
				9C89566E2CAAE2A00051EB8B /* Release */,
			);
			defaultConfigurationIsVisible = 0;
			defaultConfigurationName = Release;
		};
		9C89566F2CAAE2A00051EB8B /* Build configuration list for PBXNativeTarget "IrishPronounQuiz" */ = {
			isa = XCConfigurationList;
			buildConfigurations = (
				9C8956702CAAE2A00051EB8B /* Debug */,
				9C8956712CAAE2A00051EB8B /* Release */,
			);
			defaultConfigurationIsVisible = 0;
			defaultConfigurationName = Release;
		};
/* End XCConfigurationList section */
	};
	rootObject = 9C8956592CAAE29E0051EB8B /* Project object */;
}
