// !$*UTF8*$!
{
	archiveVersion = 1;
	classes = {
	};
	objectVersion = 70;
	objects = {

/* Begin PBXBuildFile section */
		9C5F8F892CABB04F00021076 /* AudioPracticeView.swift in Sources */ = {isa = PBXBuildFile; fileRef = 9C5F8F882CABB04F00021076 /* AudioPracticeView.swift */; };
		9C5F8F8B2CABB0C200021076 /* DataProvider.swift in Sources */ = {isa = PBXBuildFile; fileRef = 9C5F8F8A2CABB0C200021076 /* DataProvider.swift */; };
		9C8956652CAAE29E0051EB8B /* IrishPronounQuizApp.swift in Sources */ = {isa = PBXBuildFile; fileRef = 9C8956642CAAE29E0051EB8B /* IrishPronounQuizApp.swift */; };
		9C8956672CAAE29E0051EB8B /* ContentView.swift in Sources */ = {isa = PBXBuildFile; fileRef = 9C8956662CAAE29E0051EB8B /* ContentView.swift */; };
		9C8956692CAAE2A00051EB8B /* Assets.xcassets in Resources */ = {isa = PBXBuildFile; fileRef = 9C8956682CAAE2A00051EB8B /* Assets.xcassets */; };
		9C89566C2CAAE2A00051EB8B /* Preview Assets.xcassets in Resources */ = {isa = PBXBuildFile; fileRef = 9C89566B2CAAE2A00051EB8B /* Preview Assets.xcassets */; };
		9C8956732CAAE2DC0051EB8B /* Models.swift in Sources */ = {isa = PBXBuildFile; fileRef = 9C8956722CAAE2DC0051EB8B /* Models.swift */; };
		9C8956752CAAE3200051EB8B /* AudioPlayer.swift in Sources */ = {isa = PBXBuildFile; fileRef = 9C8956742CAAE3200051EB8B /* AudioPlayer.swift */; };
		9C8956772CAAE3410051EB8B /* RecognitionView.swift in Sources */ = {isa = PBXBuildFile; fileRef = 9C8956762CAAE3410051EB8B /* RecognitionView.swift */; };
		9C8956792CAAE3770051EB8B /* ProductionView.swift in Sources */ = {isa = PBXBuildFile; fileRef = 9C8956782CAAE3770051EB8B /* ProductionView.swift */; };
		9C89567B2CAAE66D0051EB8B /* ModeDestinationView.swift in Sources */ = {isa = PBXBuildFile; fileRef = 9C89567A2CAAE66D0051EB8B /* ModeDestinationView.swift */; };
		9CF298F42CB06418001103A0 /* BasePronounForm.swift in Sources */ = {isa = PBXBuildFile; fileRef = 9CF298F32CB06418001103A0 /* BasePronounForm.swift */; };
		9CF298F62CB064D4001103A0 /* BasePronounForms.swift in Sources */ = {isa = PBXBuildFile; fileRef = 9CF298F52CB064D4001103A0 /* BasePronounForms.swift */; };
		9CF298F82CB064F7001103A0 /* PronounFormRepository.swift in Sources */ = {isa = PBXBuildFile; fileRef = 9CF298F72CB064F7001103A0 /* PronounFormRepository.swift */; };
		9CF298FA2CB066D0001103A0 /* PronounForm.swift in Sources */ = {isa = PBXBuildFile; fileRef = 9CF298F92CB066D0001103A0 /* PronounForm.swift */; };
		9CF29D272CB06D2A001103A0 /* Audio in Resources */ = {isa = PBXBuildFile; fileRef = 9CF29D262CB06D2A001103A0 /* Audio */; };
/* End PBXBuildFile section */

/* Begin PBXFileReference section */
		9C0584952CAB06E300E5358E /* Info.plist */ = {isa = PBXFileReference; lastKnownFileType = text.plist.xml; name = Info.plist; path = IrishPronounQuiz/Info.plist; sourceTree = SOURCE_ROOT; };
		9C5F8F882CABB04F00021076 /* AudioPracticeView.swift */ = {isa = PBXFileReference; lastKnownFileType = sourcecode.swift; path = AudioPracticeView.swift; sourceTree = "<group>"; };
		9C5F8F8A2CABB0C200021076 /* DataProvider.swift */ = {isa = PBXFileReference; lastKnownFileType = sourcecode.swift; path = DataProvider.swift; sourceTree = "<group>"; };
		9C8956612CAAE29E0051EB8B /* IrishPronounQuiz.app */ = {isa = PBXFileReference; explicitFileType = wrapper.application; includeInIndex = 0; path = IrishPronounQuiz.app; sourceTree = BUILT_PRODUCTS_DIR; };
		9C8956642CAAE29E0051EB8B /* IrishPronounQuizApp.swift */ = {isa = PBXFileReference; lastKnownFileType = sourcecode.swift; path = IrishPronounQuizApp.swift; sourceTree = "<group>"; };
		9C8956662CAAE29E0051EB8B /* ContentView.swift */ = {isa = PBXFileReference; lastKnownFileType = sourcecode.swift; path = ContentView.swift; sourceTree = "<group>"; };
		9C8956682CAAE2A00051EB8B /* Assets.xcassets */ = {isa = PBXFileReference; lastKnownFileType = folder.assetcatalog; path = Assets.xcassets; sourceTree = "<group>"; };
		9C89566B2CAAE2A00051EB8B /* Preview Assets.xcassets */ = {isa = PBXFileReference; lastKnownFileType = folder.assetcatalog; path = "Preview Assets.xcassets"; sourceTree = "<group>"; };
		9C8956722CAAE2DC0051EB8B /* Models.swift */ = {isa = PBXFileReference; lastKnownFileType = sourcecode.swift; path = Models.swift; sourceTree = "<group>"; };
		9C8956742CAAE3200051EB8B /* AudioPlayer.swift */ = {isa = PBXFileReference; lastKnownFileType = sourcecode.swift; path = AudioPlayer.swift; sourceTree = "<group>"; };
		9C8956762CAAE3410051EB8B /* RecognitionView.swift */ = {isa = PBXFileReference; lastKnownFileType = sourcecode.swift; path = RecognitionView.swift; sourceTree = "<group>"; };
		9C8956782CAAE3770051EB8B /* ProductionView.swift */ = {isa = PBXFileReference; lastKnownFileType = sourcecode.swift; path = ProductionView.swift; sourceTree = "<group>"; };
		9C89567A2CAAE66D0051EB8B /* ModeDestinationView.swift */ = {isa = PBXFileReference; lastKnownFileType = sourcecode.swift; path = ModeDestinationView.swift; sourceTree = "<group>"; };
		9CF298F32CB06418001103A0 /* BasePronounForm.swift */ = {isa = PBXFileReference; lastKnownFileType = sourcecode.swift; path = BasePronounForm.swift; sourceTree = "<group>"; };
		9CF298F52CB064D4001103A0 /* BasePronounForms.swift */ = {isa = PBXFileReference; lastKnownFileType = sourcecode.swift; path = BasePronounForms.swift; sourceTree = "<group>"; };
		9CF298F72CB064F7001103A0 /* PronounFormRepository.swift */ = {isa = PBXFileReference; lastKnownFileType = sourcecode.swift; path = PronounFormRepository.swift; sourceTree = "<group>"; };
		9CF298F92CB066D0001103A0 /* PronounForm.swift */ = {isa = PBXFileReference; lastKnownFileType = sourcecode.swift; path = PronounForm.swift; sourceTree = "<group>"; };
		9CF29D262CB06D2A001103A0 /* Audio */ = {isa = PBXFileReference; lastKnownFileType = folder; name = Audio; path = IrishPronounQuiz/Audio; sourceTree = "<group>"; };
/* End PBXFileReference section */

/* Begin PBXFileSystemSynchronizedBuildFileExceptionSet section */
		9CF29D252CB06D0E001103A0 /* PBXFileSystemSynchronizedBuildFileExceptionSet */ = {
			isa = PBXFileSystemSynchronizedBuildFileExceptionSet;
			membershipExceptions = (
				Connacht/ag_acu.mp3,
				Connacht/ag_agaibh.mp3,
				Connacht/ag_againn.mp3,
				Connacht/ag_agam.mp3,
				Connacht/ag_agat.mp3,
				Connacht/ag_aici.mp3,
				Connacht/ag_aige.mp3,
				Connacht/ar_air.mp3,
				Connacht/ar_oraibh.mp3,
				Connacht/ar_orainn.mp3,
				Connacht/ar_orm.mp3,
				Connacht/ar_ort.mp3,
				Connacht/ar_orthu.mp3,
				Connacht/ar_uirthi.mp3,
				Connacht/as_aisti.mp3,
				Connacht/as_as.mp3,
				Connacht/as_asaibh.mp3,
				Connacht/as_asainn.mp3,
				Connacht/as_asam.mp3,
				Connacht/as_asat.mp3,
				Connacht/as_astu.mp3,
				Connacht/de_de.mp3,
				Connacht/de_di.mp3,
				"Connacht/de_díbh.mp3",
				"Connacht/de_dínn.mp3",
				"Connacht/de_díobh.mp3",
				"Connacht/de_díom.mp3",
				"Connacht/de_díot.mp3",
				Connacht/do_daoibh.mp3,
				Connacht/do_di.mp3,
				"Connacht/do_dó.mp3",
				"Connacht/do_dóibh.mp3",
				Connacht/do_dom.mp3,
				"Connacht/do_dúinn.mp3",
				Connacht/do_duit.mp3,
				Connacht/faoi_faoi.mp3,
				"Connacht/faoi_fúibh.mp3",
				"Connacht/faoi_fúinn.mp3",
				"Connacht/faoi_fúithi.mp3",
				"Connacht/faoi_fúm.mp3",
				"Connacht/faoi_fút.mp3",
				"Connacht/faoi_fúthu.mp3",
				Connacht/i_ann.mp3,
				Connacht/i_inti.mp3,
				Connacht/i_ionaibh.mp3,
				Connacht/i_ionainn.mp3,
				Connacht/i_ionam.mp3,
				Connacht/i_ionat.mp3,
				Connacht/i_iontu.mp3,
				Connacht/idir_eadraibh.mp3,
				Connacht/idir_eadrainn.mp3,
				Connacht/idir_eatarthu.mp3,
				Connacht/le_leat.mp3,
				"Connacht/le_léi.mp3",
				Connacht/le_leis.mp3,
				Connacht/le_leo.mp3,
				Connacht/le_libh.mp3,
				Connacht/le_linn.mp3,
				Connacht/le_liom.mp3,
				"Connacht/ó_uaibh.mp3",
				"Connacht/ó_uaidh.mp3",
				"Connacht/ó_uaim.mp3",
				"Connacht/ó_uainn.mp3",
				"Connacht/ó_uait.mp3",
				"Connacht/ó_uaithi.mp3",
				"Connacht/ó_uathu.mp3",
				Munster/ag_acu.mp3,
				Munster/ag_agaibh.mp3,
				Munster/ag_againn.mp3,
				Munster/ag_agam.mp3,
				Munster/ag_agat.mp3,
				Munster/ag_aici.mp3,
				Munster/ag_aige.mp3,
				Munster/ar_air.mp3,
				Munster/ar_oraibh.mp3,
				Munster/ar_orainn.mp3,
				Munster/ar_orm.mp3,
				Munster/ar_ort.mp3,
				Munster/ar_orthu.mp3,
				Munster/ar_uirthi.mp3,
				Munster/as_aisti.mp3,
				Munster/as_as.mp3,
				Munster/as_asaibh.mp3,
				Munster/as_asainn.mp3,
				Munster/as_asam.mp3,
				Munster/as_asat.mp3,
				Munster/as_astu.mp3,
				Munster/de_de.mp3,
				Munster/de_di.mp3,
				"Munster/de_díbh.mp3",
				"Munster/de_dínn.mp3",
				"Munster/de_díobh.mp3",
				"Munster/de_díom.mp3",
				"Munster/de_díot.mp3",
				Munster/do_daoibh.mp3,
				Munster/do_di.mp3,
				"Munster/do_dó.mp3",
				"Munster/do_dóibh.mp3",
				Munster/do_dom.mp3,
				"Munster/do_dúinn.mp3",
				Munster/do_duit.mp3,
				Munster/faoi_faoi.mp3,
				"Munster/faoi_fúibh.mp3",
				"Munster/faoi_fúinn.mp3",
				"Munster/faoi_fúithi.mp3",
				"Munster/faoi_fúm.mp3",
				"Munster/faoi_fút.mp3",
				"Munster/faoi_fúthu.mp3",
				Munster/i_ann.mp3,
				Munster/i_inti.mp3,
				Munster/i_ionaibh.mp3,
				Munster/i_ionainn.mp3,
				Munster/i_ionam.mp3,
				Munster/i_ionat.mp3,
				Munster/i_iontu.mp3,
				Munster/idir_eadraibh.mp3,
				Munster/idir_eadrainn.mp3,
				Munster/idir_eatarthu.mp3,
				Munster/le_leat.mp3,
				"Munster/le_léi.mp3",
				Munster/le_leis.mp3,
				Munster/le_leo.mp3,
				Munster/le_libh.mp3,
				Munster/le_linn.mp3,
				Munster/le_liom.mp3,
				"Munster/ó_uaibh.mp3",
				"Munster/ó_uaidh.mp3",
				"Munster/ó_uaim.mp3",
				"Munster/ó_uainn.mp3",
				"Munster/ó_uait.mp3",
				"Munster/ó_uaithi.mp3",
				"Munster/ó_uathu.mp3",
				Ulster/ag_acu.mp3,
				Ulster/ag_agaibh.mp3,
				Ulster/ag_againn.mp3,
				Ulster/ag_agam.mp3,
				Ulster/ag_agat.mp3,
				Ulster/ag_aici.mp3,
				Ulster/ag_aige.mp3,
				Ulster/ar_air.mp3,
				Ulster/ar_oraibh.mp3,
				Ulster/ar_orainn.mp3,
				Ulster/ar_orm.mp3,
				Ulster/ar_ort.mp3,
				Ulster/ar_orthu.mp3,
				Ulster/ar_uirthi.mp3,
				Ulster/as_aisti.mp3,
				Ulster/as_as.mp3,
				Ulster/as_asaibh.mp3,
				Ulster/as_asainn.mp3,
				Ulster/as_asam.mp3,
				Ulster/as_asat.mp3,
				Ulster/as_astu.mp3,
				Ulster/de_de.mp3,
				Ulster/de_di.mp3,
				"Ulster/de_díbh.mp3",
				"Ulster/de_dínn.mp3",
				"Ulster/de_díobh.mp3",
				"Ulster/de_díom.mp3",
				"Ulster/de_díot.mp3",
				Ulster/do_daoibh.mp3,
				Ulster/do_di.mp3,
				"Ulster/do_dó.mp3",
				"Ulster/do_dóibh.mp3",
				Ulster/do_dom.mp3,
				"Ulster/do_dúinn.mp3",
				Ulster/do_duit.mp3,
				Ulster/faoi_faoi.mp3,
				"Ulster/faoi_fúibh.mp3",
				"Ulster/faoi_fúinn.mp3",
				"Ulster/faoi_fúithi.mp3",
				"Ulster/faoi_fúm.mp3",
				"Ulster/faoi_fút.mp3",
				"Ulster/faoi_fúthu.mp3",
				Ulster/i_ann.mp3,
				Ulster/i_inti.mp3,
				Ulster/i_ionaibh.mp3,
				Ulster/i_ionainn.mp3,
				Ulster/i_ionam.mp3,
				Ulster/i_ionat.mp3,
				Ulster/i_iontu.mp3,
				Ulster/idir_eadraibh.mp3,
				Ulster/idir_eadrainn.mp3,
				Ulster/idir_eatarthu.mp3,
				Ulster/le_leat.mp3,
				"Ulster/le_léi.mp3",
				Ulster/le_leis.mp3,
				Ulster/le_leo.mp3,
				Ulster/le_libh.mp3,
				Ulster/le_linn.mp3,
				Ulster/le_liom.mp3,
				"Ulster/ó_uaibh.mp3",
				"Ulster/ó_uaidh.mp3",
				"Ulster/ó_uaim.mp3",
				"Ulster/ó_uainn.mp3",
				"Ulster/ó_uait.mp3",
				"Ulster/ó_uaithi.mp3",
				"Ulster/ó_uathu.mp3",
			);
			target = 9C8956602CAAE29E0051EB8B /* IrishPronounQuiz */;
		};
/* End PBXFileSystemSynchronizedBuildFileExceptionSet section */

/* Begin PBXFileSystemSynchronizedRootGroup section */
		9CF29BD92CB06C3C001103A0 /* Audio */ = {isa = PBXFileSystemSynchronizedRootGroup; exceptions = (9CF29D252CB06D0E001103A0 /* PBXFileSystemSynchronizedBuildFileExceptionSet */, ); explicitFileTypes = {}; explicitFolders = (); path = Audio; sourceTree = "<group>"; };
/* End PBXFileSystemSynchronizedRootGroup section */

/* Begin PBXFrameworksBuildPhase section */
		9C89565E2CAAE29E0051EB8B /* Frameworks */ = {
			isa = PBXFrameworksBuildPhase;
			buildActionMask = 2147483647;
			files = (
			);
			runOnlyForDeploymentPostprocessing = 0;
		};
/* End PBXFrameworksBuildPhase section */

/* Begin PBXGroup section */
		9C8956582CAAE29E0051EB8B = {
			isa = PBXGroup;
			children = (
				9CF29D262CB06D2A001103A0 /* Audio */,
				9C8956632CAAE29E0051EB8B /* IrishPronounQuiz */,
				9C8956622CAAE29E0051EB8B /* Products */,
			);
			sourceTree = "<group>";
		};
		9C8956622CAAE29E0051EB8B /* Products */ = {
			isa = PBXGroup;
			children = (
				9C8956612CAAE29E0051EB8B /* IrishPronounQuiz.app */,
			);
			name = Products;
			sourceTree = "<group>";
		};
		9C8956632CAAE29E0051EB8B /* IrishPronounQuiz */ = {
			isa = PBXGroup;
			children = (
				9C8956642CAAE29E0051EB8B /* IrishPronounQuizApp.swift */,
				9C8956662CAAE29E0051EB8B /* ContentView.swift */,
				9C8956682CAAE2A00051EB8B /* Assets.xcassets */,
				9CF29BD92CB06C3C001103A0 /* Audio */,
				9C89566A2CAAE2A00051EB8B /* Preview Content */,
				9C8956722CAAE2DC0051EB8B /* Models.swift */,
				9C8956742CAAE3200051EB8B /* AudioPlayer.swift */,
				9C8956762CAAE3410051EB8B /* RecognitionView.swift */,
				9C8956782CAAE3770051EB8B /* ProductionView.swift */,
				9C89567A2CAAE66D0051EB8B /* ModeDestinationView.swift */,
				9C0584952CAB06E300E5358E /* Info.plist */,
				9C5F8F882CABB04F00021076 /* AudioPracticeView.swift */,
				9C5F8F8A2CABB0C200021076 /* DataProvider.swift */,
				9CF298F32CB06418001103A0 /* BasePronounForm.swift */,
				9CF298F52CB064D4001103A0 /* BasePronounForms.swift */,
				9CF298F72CB064F7001103A0 /* PronounFormRepository.swift */,
				9CF298F92CB066D0001103A0 /* PronounForm.swift */,
			);
			path = IrishPronounQuiz;
			sourceTree = "<group>";
		};
		9C89566A2CAAE2A00051EB8B /* Preview Content */ = {
			isa = PBXGroup;
			children = (
				9C89566B2CAAE2A00051EB8B /* Preview Assets.xcassets */,
			);
			path = "Preview Content";
			sourceTree = "<group>";
		};
/* End PBXGroup section */

/* Begin PBXNativeTarget section */
		9C8956602CAAE29E0051EB8B /* IrishPronounQuiz */ = {
			isa = PBXNativeTarget;
			buildConfigurationList = 9C89566F2CAAE2A00051EB8B /* Build configuration list for PBXNativeTarget "IrishPronounQuiz" */;
			buildPhases = (
				9C89565D2CAAE29E0051EB8B /* Sources */,
				9C89565E2CAAE29E0051EB8B /* Frameworks */,
				9C89565F2CAAE29E0051EB8B /* Resources */,
			);
			buildRules = (
			);
			dependencies = (
			);
			fileSystemSynchronizedGroups = (
				9CF29BD92CB06C3C001103A0 /* Audio */,
			);
			name = IrishPronounQuiz;
			productName = IrishPronounQuiz;
			productReference = 9C8956612CAAE29E0051EB8B /* IrishPronounQuiz.app */;
			productType = "com.apple.product-type.application";
		};
/* End PBXNativeTarget section */

/* Begin PBXProject section */
		9C8956592CAAE29E0051EB8B /* Project object */ = {
			isa = PBXProject;
			attributes = {
				BuildIndependentTargetsInParallel = 1;
				LastSwiftUpdateCheck = 1540;
				LastUpgradeCheck = 1540;
				TargetAttributes = {
					9C8956602CAAE29E0051EB8B = {
						CreatedOnToolsVersion = 15.4;
					};
				};
			};
			buildConfigurationList = 9C89565C2CAAE29E0051EB8B /* Build configuration list for PBXProject "IrishPronounQuiz" */;
			compatibilityVersion = "Xcode 14.0";
			developmentRegion = en;
			hasScannedForEncodings = 0;
			knownRegions = (
				en,
				Base,
			);
			mainGroup = 9C8956582CAAE29E0051EB8B;
			productRefGroup = 9C8956622CAAE29E0051EB8B /* Products */;
			projectDirPath = "";
			projectRoot = "";
			targets = (
				9C8956602CAAE29E0051EB8B /* IrishPronounQuiz */,
			);
		};
/* End PBXProject section */

/* Begin PBXResourcesBuildPhase section */
		9C89565F2CAAE29E0051EB8B /* Resources */ = {
			isa = PBXResourcesBuildPhase;
			buildActionMask = 2147483647;
			files = (
				9CF29D272CB06D2A001103A0 /* Audio in Resources */,
				9C89566C2CAAE2A00051EB8B /* Preview Assets.xcassets in Resources */,
				9C8956692CAAE2A00051EB8B /* Assets.xcassets in Resources */,
			);
			runOnlyForDeploymentPostprocessing = 0;
		};
/* End PBXResourcesBuildPhase section */

/* Begin PBXSourcesBuildPhase section */
		9C89565D2CAAE29E0051EB8B /* Sources */ = {
			isa = PBXSourcesBuildPhase;
			buildActionMask = 2147483647;
			files = (
				9C8956732CAAE2DC0051EB8B /* Models.swift in Sources */,
				9CF298FA2CB066D0001103A0 /* PronounForm.swift in Sources */,
				9C89567B2CAAE66D0051EB8B /* ModeDestinationView.swift in Sources */,
				9C5F8F892CABB04F00021076 /* AudioPracticeView.swift in Sources */,
				9CF298F62CB064D4001103A0 /* BasePronounForms.swift in Sources */,
				9C8956672CAAE29E0051EB8B /* ContentView.swift in Sources */,
				9C8956652CAAE29E0051EB8B /* IrishPronounQuizApp.swift in Sources */,
				9C8956772CAAE3410051EB8B /* RecognitionView.swift in Sources */,
				9CF298F82CB064F7001103A0 /* PronounFormRepository.swift in Sources */,
				9CF298F42CB06418001103A0 /* BasePronounForm.swift in Sources */,
				9C5F8F8B2CABB0C200021076 /* DataProvider.swift in Sources */,
				9C8956792CAAE3770051EB8B /* ProductionView.swift in Sources */,
				9C8956752CAAE3200051EB8B /* AudioPlayer.swift in Sources */,
			);
			runOnlyForDeploymentPostprocessing = 0;
		};
/* End PBXSourcesBuildPhase section */

/* Begin XCBuildConfiguration section */
		9C89566D2CAAE2A00051EB8B /* Debug */ = {
			isa = XCBuildConfiguration;
			buildSettings = {
				ALWAYS_SEARCH_USER_PATHS = NO;
				ASSETCATALOG_COMPILER_GENERATE_SWIFT_ASSET_SYMBOL_EXTENSIONS = YES;
				CLANG_ANALYZER_NONNULL = YES;
				CLANG_ANALYZER_NUMBER_OBJECT_CONVERSION = YES_AGGRESSIVE;
				CLANG_CXX_LANGUAGE_STANDARD = "gnu++20";
				CLANG_ENABLE_MODULES = YES;
				CLANG_ENABLE_OBJC_ARC = YES;
				CLANG_ENABLE_OBJC_WEAK = YES;
				CLANG_WARN_BLOCK_CAPTURE_AUTORELEASING = YES;
				CLANG_WARN_BOOL_CONVERSION = YES;
				CLANG_WARN_COMMA = YES;
				CLANG_WARN_CONSTANT_CONVERSION = YES;
				CLANG_WARN_DEPRECATED_OBJC_IMPLEMENTATIONS = YES;
				CLANG_WARN_DIRECT_OBJC_ISA_USAGE = YES_ERROR;
				CLANG_WARN_DOCUMENTATION_COMMENTS = YES;
				CLANG_WARN_EMPTY_BODY = YES;
				CLANG_WARN_ENUM_CONVERSION = YES;
				CLANG_WARN_INFINITE_RECURSION = YES;
				CLANG_WARN_INT_CONVERSION = YES;
				CLANG_WARN_NON_LITERAL_NULL_CONVERSION = YES;
				CLANG_WARN_OBJC_IMPLICIT_RETAIN_SELF = YES;
				CLANG_WARN_OBJC_LITERAL_CONVERSION = YES;
				CLANG_WARN_OBJC_ROOT_CLASS = YES_ERROR;
				CLANG_WARN_QUOTED_INCLUDE_IN_FRAMEWORK_HEADER = YES;
				CLANG_WARN_RANGE_LOOP_ANALYSIS = YES;
				CLANG_WARN_STRICT_PROTOTYPES = YES;
				CLANG_WARN_SUSPICIOUS_MOVE = YES;
				CLANG_WARN_UNGUARDED_AVAILABILITY = YES_AGGRESSIVE;
				CLANG_WARN_UNREACHABLE_CODE = YES;
				CLANG_WARN__DUPLICATE_METHOD_MATCH = YES;
				COPY_PHASE_STRIP = NO;
				DEBUG_INFORMATION_FORMAT = dwarf;
				ENABLE_STRICT_OBJC_MSGSEND = YES;
				ENABLE_TESTABILITY = YES;
				ENABLE_USER_SCRIPT_SANDBOXING = YES;
				GCC_C_LANGUAGE_STANDARD = gnu17;
				GCC_DYNAMIC_NO_PIC = NO;
				GCC_NO_COMMON_BLOCKS = YES;
				GCC_OPTIMIZATION_LEVEL = 0;
				GCC_PREPROCESSOR_DEFINITIONS = (
					"DEBUG=1",
					"$(inherited)",
				);
				GCC_WARN_64_TO_32_BIT_CONVERSION = YES;
				GCC_WARN_ABOUT_RETURN_TYPE = YES_ERROR;
				GCC_WARN_UNDECLARED_SELECTOR = YES;
				GCC_WARN_UNINITIALIZED_AUTOS = YES_AGGRESSIVE;
				GCC_WARN_UNUSED_FUNCTION = YES;
				GCC_WARN_UNUSED_VARIABLE = YES;
				IPHONEOS_DEPLOYMENT_TARGET = 16.6;
				LOCALIZATION_PREFERS_STRING_CATALOGS = YES;
				MTL_ENABLE_DEBUG_INFO = INCLUDE_SOURCE;
				MTL_FAST_MATH = YES;
				ONLY_ACTIVE_ARCH = YES;
				SDKROOT = iphoneos;
				SWIFT_ACTIVE_COMPILATION_CONDITIONS = "DEBUG $(inherited)";
				SWIFT_OPTIMIZATION_LEVEL = "-Onone";
			};
			name = Debug;
		};
		9C89566E2CAAE2A00051EB8B /* Release */ = {
			isa = XCBuildConfiguration;
			buildSettings = {
				ALWAYS_SEARCH_USER_PATHS = NO;
				ASSETCATALOG_COMPILER_GENERATE_SWIFT_ASSET_SYMBOL_EXTENSIONS = YES;
				CLANG_ANALYZER_NONNULL = YES;
				CLANG_ANALYZER_NUMBER_OBJECT_CONVERSION = YES_AGGRESSIVE;
				CLANG_CXX_LANGUAGE_STANDARD = "gnu++20";
				CLANG_ENABLE_MODULES = YES;
				CLANG_ENABLE_OBJC_ARC = YES;
				CLANG_ENABLE_OBJC_WEAK = YES;
				CLANG_WARN_BLOCK_CAPTURE_AUTORELEASING = YES;
				CLANG_WARN_BOOL_CONVERSION = YES;
				CLANG_WARN_COMMA = YES;
				CLANG_WARN_CONSTANT_CONVERSION = YES;
				CLANG_WARN_DEPRECATED_OBJC_IMPLEMENTATIONS = YES;
				CLANG_WARN_DIRECT_OBJC_ISA_USAGE = YES_ERROR;
				CLANG_WARN_DOCUMENTATION_COMMENTS = YES;
				CLANG_WARN_EMPTY_BODY = YES;
				CLANG_WARN_ENUM_CONVERSION = YES;
				CLANG_WARN_INFINITE_RECURSION = YES;
				CLANG_WARN_INT_CONVERSION = YES;
				CLANG_WARN_NON_LITERAL_NULL_CONVERSION = YES;
				CLANG_WARN_OBJC_IMPLICIT_RETAIN_SELF = YES;
				CLANG_WARN_OBJC_LITERAL_CONVERSION = YES;
				CLANG_WARN_OBJC_ROOT_CLASS = YES_ERROR;
				CLANG_WARN_QUOTED_INCLUDE_IN_FRAMEWORK_HEADER = YES;
				CLANG_WARN_RANGE_LOOP_ANALYSIS = YES;
				CLANG_WARN_STRICT_PROTOTYPES = YES;
				CLANG_WARN_SUSPICIOUS_MOVE = YES;
				CLANG_WARN_UNGUARDED_AVAILABILITY = YES_AGGRESSIVE;
				CLANG_WARN_UNREACHABLE_CODE = YES;
				CLANG_WARN__DUPLICATE_METHOD_MATCH = YES;
				COPY_PHASE_STRIP = NO;
				DEBUG_INFORMATION_FORMAT = "dwarf-with-dsym";
				ENABLE_NS_ASSERTIONS = NO;
				ENABLE_STRICT_OBJC_MSGSEND = YES;
				ENABLE_USER_SCRIPT_SANDBOXING = YES;
				GCC_C_LANGUAGE_STANDARD = gnu17;
				GCC_NO_COMMON_BLOCKS = YES;
				GCC_WARN_64_TO_32_BIT_CONVERSION = YES;
				GCC_WARN_ABOUT_RETURN_TYPE = YES_ERROR;
				GCC_WARN_UNDECLARED_SELECTOR = YES;
				GCC_WARN_UNINITIALIZED_AUTOS = YES_AGGRESSIVE;
				GCC_WARN_UNUSED_FUNCTION = YES;
				GCC_WARN_UNUSED_VARIABLE = YES;
				IPHONEOS_DEPLOYMENT_TARGET = 16.6;
				LOCALIZATION_PREFERS_STRING_CATALOGS = YES;
				MTL_ENABLE_DEBUG_INFO = NO;
				MTL_FAST_MATH = YES;
				SDKROOT = iphoneos;
				SWIFT_COMPILATION_MODE = wholemodule;
				VALIDATE_PRODUCT = YES;
			};
			name = Release;
		};
		9C8956702CAAE2A00051EB8B /* Debug */ = {
			isa = XCBuildConfiguration;
			buildSettings = {
				ASSETCATALOG_COMPILER_APPICON_NAME = AppIcon;
				ASSETCATALOG_COMPILER_GLOBAL_ACCENT_COLOR_NAME = AccentColor;
				CODE_SIGN_STYLE = Automatic;
				CURRENT_PROJECT_VERSION = 1;
				DEVELOPMENT_ASSET_PATHS = "\"IrishPronounQuiz/Preview Content\"";
				DEVELOPMENT_TEAM = 95YDL6VZ4V;
				ENABLE_PREVIEWS = YES;
				GENERATE_INFOPLIST_FILE = YES;
				INFOPLIST_KEY_LSApplicationCategoryType = "public.app-category.education";
				INFOPLIST_KEY_UIApplicationSceneManifest_Generation = YES;
				INFOPLIST_KEY_UIApplicationSupportsIndirectInputEvents = YES;
				INFOPLIST_KEY_UILaunchScreen_Generation = YES;
				INFOPLIST_KEY_UISupportedInterfaceOrientations_iPad = "UIInterfaceOrientationPortrait UIInterfaceOrientationPortraitUpsideDown UIInterfaceOrientationLandscapeLeft UIInterfaceOrientationLandscapeRight";
				INFOPLIST_KEY_UISupportedInterfaceOrientations_iPhone = "UIInterfaceOrientationPortrait UIInterfaceOrientationLandscapeLeft UIInterfaceOrientationLandscapeRight";
				LD_RUNPATH_SEARCH_PATHS = (
					"$(inherited)",
					"@executable_path/Frameworks",
				);
				MARKETING_VERSION = 1.0;
				PRODUCT_BUNDLE_IDENTIFIER = starkat.dev.IrishPronounQuiz;
				PRODUCT_NAME = "$(TARGET_NAME)";
				SWIFT_EMIT_LOC_STRINGS = YES;
				SWIFT_VERSION = 5.0;
				TARGETED_DEVICE_FAMILY = 1;
			};
			name = Debug;
		};
		9C8956712CAAE2A00051EB8B /* Release */ = {
			isa = XCBuildConfiguration;
			buildSettings = {
				ASSETCATALOG_COMPILER_APPICON_NAME = AppIcon;
				ASSETCATALOG_COMPILER_GLOBAL_ACCENT_COLOR_NAME = AccentColor;
				CODE_SIGN_STYLE = Automatic;
				CURRENT_PROJECT_VERSION = 1;
				DEVELOPMENT_ASSET_PATHS = "\"IrishPronounQuiz/Preview Content\"";
				DEVELOPMENT_TEAM = 95YDL6VZ4V;
				ENABLE_PREVIEWS = YES;
				GENERATE_INFOPLIST_FILE = YES;
				INFOPLIST_KEY_LSApplicationCategoryType = "public.app-category.education";
				INFOPLIST_KEY_UIApplicationSceneManifest_Generation = YES;
				INFOPLIST_KEY_UIApplicationSupportsIndirectInputEvents = YES;
				INFOPLIST_KEY_UILaunchScreen_Generation = YES;
				INFOPLIST_KEY_UISupportedInterfaceOrientations_iPad = "UIInterfaceOrientationPortrait UIInterfaceOrientationPortraitUpsideDown UIInterfaceOrientationLandscapeLeft UIInterfaceOrientationLandscapeRight";
				INFOPLIST_KEY_UISupportedInterfaceOrientations_iPhone = "UIInterfaceOrientationPortrait UIInterfaceOrientationLandscapeLeft UIInterfaceOrientationLandscapeRight";
				LD_RUNPATH_SEARCH_PATHS = (
					"$(inherited)",
					"@executable_path/Frameworks",
				);
				MARKETING_VERSION = 1.0;
				PRODUCT_BUNDLE_IDENTIFIER = starkat.dev.IrishPronounQuiz;
				PRODUCT_NAME = "$(TARGET_NAME)";
				SWIFT_EMIT_LOC_STRINGS = YES;
				SWIFT_VERSION = 5.0;
				TARGETED_DEVICE_FAMILY = 1;
			};
			name = Release;
		};
/* End XCBuildConfiguration section */

/* Begin XCConfigurationList section */
		9C89565C2CAAE29E0051EB8B /* Build configuration list for PBXProject "IrishPronounQuiz" */ = {
			isa = XCConfigurationList;
			buildConfigurations = (
				9C89566D2CAAE2A00051EB8B /* Debug */,
				9C89566E2CAAE2A00051EB8B /* Release */,
			);
			defaultConfigurationIsVisible = 0;
			defaultConfigurationName = Release;
		};
		9C89566F2CAAE2A00051EB8B /* Build configuration list for PBXNativeTarget "IrishPronounQuiz" */ = {
			isa = XCConfigurationList;
			buildConfigurations = (
				9C8956702CAAE2A00051EB8B /* Debug */,
				9C8956712CAAE2A00051EB8B /* Release */,
			);
			defaultConfigurationIsVisible = 0;
			defaultConfigurationName = Release;
		};
/* End XCConfigurationList section */
	};
	rootObject = 9C8956592CAAE29E0051EB8B /* Project object */;
}
